{
  "nodes": {
    "nixpkgs": {
      "locked": {
        "lastModified": 1718530797,
        "narHash": "sha256-pup6cYwtgvzDpvpSCFh1TEUjw2zkNpk8iolbKnyFmmU=",
        "owner": "nixos",
        "repo": "nixpkgs",
        "rev": "b60ebf54c15553b393d144357375ea956f89e9a9",
        "type": "github"
      },
      "original": {
        "owner": "nixos",
        "ref": "nixos-unstable",
        "repo": "nixpkgs",
        "type": "github"
      }
    },
    "ntk": {
      "inputs": {
        "nixpkgs": [
          "nixpkgs"
        ]
      },
      "locked": {
        "lastModified": 1711501543,
        "narHash": "sha256-irgQouGNMlXYUEDHy8P64Fn5bkGE0yjGAs2G341KUBM=",
        "owner": "nilium",
        "repo": "dot-nix",
        "rev": "8414d9aa700d64afd03b10e083f9f21f112d60f2",
        "type": "github"
      },
      "original": {
        "owner": "nilium",
        "ref": "lib",
        "repo": "dot-nix",
        "type": "github"
      }
    },
    "root": {
      "inputs": {
        "nixpkgs": "nixpkgs",
        "ntk": "ntk"
      }
    }
  },
  "root": "root",
  "version": 7
}
